
Microsoft Visual Studio Solution File, Format Version 12.00
# Visual Studio 2012
Project("{FAE04EC0-301F-11D3-BF4B-00C04F79EFBC}") = "AngryElectron.Tests.Domain", "Tests\DomainTests\AngryElectron.Tests.Domain.csproj", "{920EBD12-1394-4628-A0AF-CF636003A054}"
EndProject
Project("{FAE04EC0-301F-11D3-BF4B-00C04F79EFBC}") = "AngryElectron.Domain", "Domain\AngryElectron.Domain.csproj", "{6D916230-E569-43D4-A0EB-F765A5F1D288}"
EndProject
Global
	GlobalSection(SolutionConfigurationPlatforms) = preSolution
		Debug|Any CPU = Debug|Any CPU
		Release|Any CPU = Release|Any CPU
	EndGlobalSection
	GlobalSection(ProjectConfigurationPlatforms) = postSolution
		{920EBD12-1394-4628-A0AF-CF636003A054}.Debug|Any CPU.ActiveCfg = Debug|Any CPU
		{920EBD12-1394-4628-A0AF-CF636003A054}.Debug|Any CPU.Build.0 = Debug|Any CPU
		{920EBD12-1394-4628-A0AF-CF636003A054}.Release|Any CPU.ActiveCfg = Release|Any CPU
		{920EBD12-1394-4628-A0AF-CF636003A054}.Release|Any CPU.Build.0 = Release|Any CPU
		{6D916230-E569-43D4-A0EB-F765A5F1D288}.Debug|Any CPU.ActiveCfg = Debug|Any CPU
		{6D916230-E569-43D4-A0EB-F765A5F1D288}.Debug|Any CPU.Build.0 = Debug|Any CPU
		{6D916230-E569-43D4-A0EB-F765A5F1D288}.Release|Any CPU.ActiveCfg = Release|Any CPU
		{6D916230-E569-43D4-A0EB-F765A5F1D288}.Release|Any CPU.Build.0 = Release|Any CPU
	EndGlobalSection
	GlobalSection(SolutionProperties) = preSolution
		HideSolutionNode = FALSE
	EndGlobalSection
EndGlobal
